<?xml version="1.0" encoding="utf-8"?>
<Project ToolsVersion="4.0" xmlns="http://schemas.microsoft.com/developer/msbuild/2003">
  <ItemGroup>
    <Filter Include="Resource Files">
      <UniqueIdentifier>{89467efe-fb1d-4851-9409-76193b168d78}</UniqueIdentifier>
      <Extensions>ico;cur;bmp;dlg;rc2;rct;bin;rgs;gif;jpg;jpeg;jpe</Extensions>
    </Filter>
  </ItemGroup>
  <ItemGroup>
    <ClCompile Include="StdAfx.cpp" />
    <ClCompile Include="AboutDlg.cpp" />
    <ClCompile Include="KeyHookTest.cpp" />
  </ItemGroup>
  <ItemGroup>
    <ClInclude Include="AboutDlg.h" />
    <ClInclude Include="Constants.h" />
    <ClInclude Include="KeyHookTest.h" />
    <ClInclude Include="Resource.h" />
    <ClInclude Include="StdAfx.h" />
  </ItemGroup>
  <ItemGroup>
    <None Include="res\Icon.ico">
      <Filter>Resource Files</Filter>
    </None>
    <None Include="res\KeyHookTest.ico">
      <Filter>Resource Files</Filter>
    </None>
    <None Include="res\KeyHookTest.rc2">
      <Filter>Resource Files</Filter>
    </None>
  </ItemGroup>
  <ItemGroup>
    <ResourceCompile Include="KeyHookTest.rc" />
  </ItemGroup>
</Project>